
Microsoft Visual Studio Solution File, Format Version 12.00
# Visual Studio Version 16
VisualStudioVersion = 16.0.29519.87
MinimumVisualStudioVersion = 10.0.40219.1
Project("{FAE04EC0-301F-11D3-BF4B-00C04F79EFBC}") = "WebApi", "WebApi\WebApi.csproj", "{C6442595-A176-4EAC-BADD-06594A24107E}"
EndProject
Global
	GlobalSection(SolutionConfigurationPlatforms) = preSolution
		Debug|Any CPU = Debug|Any CPU
		Release|Any CPU = Release|Any CPU
	EndGlobalSection
	GlobalSection(ProjectConfigurationPlatforms) = postSolution
		{C6442595-A176-4EAC-BADD-06594A24107E}.Debug|Any CPU.ActiveCfg = Debug|Any CPU
		{C6442595-A176-4EAC-BADD-06594A24107E}.Debug|Any CPU.Build.0 = Debug|Any CPU
		{C6442595-A176-4EAC-BADD-06594A24107E}.Release|Any CPU.ActiveCfg = Release|Any CPU
		{C6442595-A176-4EAC-BADD-06594A24107E}.Release|Any CPU.Build.0 = Release|Any CPU
	EndGlobalSection
	GlobalSection(SolutionProperties) = preSolution
		HideSolutionNode = FALSE
	EndGlobalSection
	GlobalSection(ExtensibilityGlobals) = postSolution
		SolutionGuid = {B4F0B651-FA4A-450F-A670-CC91A4E8879B}
	EndGlobalSection
EndGlobal
